
Microsoft Visual Studio Solution File, Format Version 12.00
# Visual Studio Version 16
VisualStudioVersion = 16.0.31624.102
MinimumVisualStudioVersion = 10.0.40219.1
Project("{FAE04EC0-301F-11D3-BF4B-00C04F79EFBC}") = "SwordDamage_WPF", "SwordDamage_WPF\SwordDamage_WPF.csproj", "{537CEE72-F2A8-4970-9DF8-10834ECABCCB}"
EndProject
Global
	GlobalSection(SolutionConfigurationPlatforms) = preSolution
		Debug|Any CPU = Debug|Any CPU
		Release|Any CPU = Release|Any CPU
	EndGlobalSection
	GlobalSection(ProjectConfigurationPlatforms) = postSolution
		{537CEE72-F2A8-4970-9DF8-10834ECABCCB}.Debug|Any CPU.ActiveCfg = Debug|Any CPU
		{537CEE72-F2A8-4970-9DF8-10834ECABCCB}.Debug|Any CPU.Build.0 = Debug|Any CPU
		{537CEE72-F2A8-4970-9DF8-10834ECABCCB}.Release|Any CPU.ActiveCfg = Release|Any CPU
		{537CEE72-F2A8-4970-9DF8-10834ECABCCB}.Release|Any CPU.Build.0 = Release|Any CPU
	EndGlobalSection
	GlobalSection(SolutionProperties) = preSolution
		HideSolutionNode = FALSE
	EndGlobalSection
	GlobalSection(ExtensibilityGlobals) = postSolution
		SolutionGuid = {926F8C3C-07E3-4794-AAB4-7B05A713ED69}
	EndGlobalSection
EndGlobal
